
Microsoft Visual Studio Solution File, Format Version 12.00
# Visual Studio Version 17
VisualStudioVersion = 17.11.35312.102
MinimumVisualStudioVersion = 10.0.40219.1
Project("{FAE04EC0-301F-11D3-BF4B-00C04F79EFBC}") = "examenJanvier2023", "examenJanvier2023.csproj", "{3C67A5AB-D7C2-464D-BDBB-6F0E918DE4C3}"
EndProject
Global
	GlobalSection(SolutionConfigurationPlatforms) = preSolution
		Debug|Any CPU = Debug|Any CPU
		Release|Any CPU = Release|Any CPU
	EndGlobalSection
	GlobalSection(ProjectConfigurationPlatforms) = postSolution
		{3C67A5AB-D7C2-464D-BDBB-6F0E918DE4C3}.Debug|Any CPU.ActiveCfg = Debug|Any CPU
		{3C67A5AB-D7C2-464D-BDBB-6F0E918DE4C3}.Debug|Any CPU.Build.0 = Debug|Any CPU
		{3C67A5AB-D7C2-464D-BDBB-6F0E918DE4C3}.Release|Any CPU.ActiveCfg = Release|Any CPU
		{3C67A5AB-D7C2-464D-BDBB-6F0E918DE4C3}.Release|Any CPU.Build.0 = Release|Any CPU
	EndGlobalSection
	GlobalSection(SolutionProperties) = preSolution
		HideSolutionNode = FALSE
	EndGlobalSection
	GlobalSection(ExtensibilityGlobals) = postSolution
		SolutionGuid = {AFBFCB78-C3B1-4EE3-9676-C39C07731B3D}
	EndGlobalSection
EndGlobal
